// !$*UTF8*$!
{
	archiveVersion = 1;
	classes = {
	};
	objectVersion = 46;
	objects = {

/* Begin PBXBuildFile section */
		B56384061CF4F64A003B3832 /* BeaconOperation.swift in Sources */ = {isa = PBXBuildFile; fileRef = B56384051CF4F64A003B3832 /* BeaconOperation.swift */; };
		B56384081CF4FEE7003B3832 /* SearchingOperation.swift in Sources */ = {isa = PBXBuildFile; fileRef = B56384071CF4FEE7003B3832 /* SearchingOperation.swift */; };
		B5AAEF011CF7A9F600A6B03E /* ViewController.swift in Sources */ = {isa = PBXBuildFile; fileRef = B5AAEF001CF7A9F600A6B03E /* ViewController.swift */; };
		BE0B0AA3D07802C1C8662446 /* Pods_xBeacon.framework in Frameworks */ = {isa = PBXBuildFile; fileRef = ABC32CCA61382C6754CF825F /* Pods_xBeacon.framework */; };
		D5DDE7001CF4F05D0020286B /* AppDelegate.swift in Sources */ = {isa = PBXBuildFile; fileRef = D5DDE6FF1CF4F05D0020286B /* AppDelegate.swift */; };
		D5DDE7021CF4F05D0020286B /* LoginViewController.swift in Sources */ = {isa = PBXBuildFile; fileRef = D5DDE7011CF4F05D0020286B /* LoginViewController.swift */; };
		D5DDE7051CF4F05D0020286B /* Main.storyboard in Resources */ = {isa = PBXBuildFile; fileRef = D5DDE7031CF4F05D0020286B /* Main.storyboard */; };
		D5DDE7071CF4F05D0020286B /* Assets.xcassets in Resources */ = {isa = PBXBuildFile; fileRef = D5DDE7061CF4F05D0020286B /* Assets.xcassets */; };
		D5DDE70A1CF4F05D0020286B /* LaunchScreen.storyboard in Resources */ = {isa = PBXBuildFile; fileRef = D5DDE7081CF4F05D0020286B /* LaunchScreen.storyboard */; };
		D5DDE7121CF56AE30020286B /* GoogleService-Info.plist in Resources */ = {isa = PBXBuildFile; fileRef = D5DDE7111CF56AE30020286B /* GoogleService-Info.plist */; };
/* End PBXBuildFile section */

/* Begin PBXFileReference section */
		0B6F0B61404B984D4E0D7CE6 /* Pods-xBeacon.release.xcconfig */ = {isa = PBXFileReference; includeInIndex = 1; lastKnownFileType = text.xcconfig; name = "Pods-xBeacon.release.xcconfig"; path = "Pods/Target Support Files/Pods-xBeacon/Pods-xBeacon.release.xcconfig"; sourceTree = "<group>"; };
		ABC32CCA61382C6754CF825F /* Pods_xBeacon.framework */ = {isa = PBXFileReference; explicitFileType = wrapper.framework; includeInIndex = 0; path = Pods_xBeacon.framework; sourceTree = BUILT_PRODUCTS_DIR; };
		B56384051CF4F64A003B3832 /* BeaconOperation.swift */ = {isa = PBXFileReference; fileEncoding = 4; lastKnownFileType = sourcecode.swift; path = BeaconOperation.swift; sourceTree = "<group>"; };
		B56384071CF4FEE7003B3832 /* SearchingOperation.swift */ = {isa = PBXFileReference; fileEncoding = 4; lastKnownFileType = sourcecode.swift; path = SearchingOperation.swift; sourceTree = "<group>"; };
		B5AAEF001CF7A9F600A6B03E /* ViewController.swift */ = {isa = PBXFileReference; fileEncoding = 4; lastKnownFileType = sourcecode.swift; path = ViewController.swift; sourceTree = "<group>"; };
		D5DDE6FC1CF4F05D0020286B /* xBeacon.app */ = {isa = PBXFileReference; explicitFileType = wrapper.application; includeInIndex = 0; path = xBeacon.app; sourceTree = BUILT_PRODUCTS_DIR; };
		D5DDE6FF1CF4F05D0020286B /* AppDelegate.swift */ = {isa = PBXFileReference; lastKnownFileType = sourcecode.swift; path = AppDelegate.swift; sourceTree = "<group>"; };
		D5DDE7011CF4F05D0020286B /* LoginViewController.swift */ = {isa = PBXFileReference; lastKnownFileType = sourcecode.swift; path = LoginViewController.swift; sourceTree = "<group>"; };
		D5DDE7041CF4F05D0020286B /* Base */ = {isa = PBXFileReference; lastKnownFileType = file.storyboard; name = Base; path = Base.lproj/Main.storyboard; sourceTree = "<group>"; };
		D5DDE7061CF4F05D0020286B /* Assets.xcassets */ = {isa = PBXFileReference; lastKnownFileType = folder.assetcatalog; path = Assets.xcassets; sourceTree = "<group>"; };
		D5DDE7091CF4F05D0020286B /* Base */ = {isa = PBXFileReference; lastKnownFileType = file.storyboard; name = Base; path = Base.lproj/LaunchScreen.storyboard; sourceTree = "<group>"; };
		D5DDE70B1CF4F05D0020286B /* Info.plist */ = {isa = PBXFileReference; lastKnownFileType = text.plist.xml; path = Info.plist; sourceTree = "<group>"; };
		D5DDE7111CF56AE30020286B /* GoogleService-Info.plist */ = {isa = PBXFileReference; fileEncoding = 4; lastKnownFileType = text.plist.xml; path = "GoogleService-Info.plist"; sourceTree = "<group>"; };
		D814D4ADECF70FC2A12BE1A1 /* Pods-xBeacon.debug.xcconfig */ = {isa = PBXFileReference; includeInIndex = 1; lastKnownFileType = text.xcconfig; name = "Pods-xBeacon.debug.xcconfig"; path = "Pods/Target Support Files/Pods-xBeacon/Pods-xBeacon.debug.xcconfig"; sourceTree = "<group>"; };
/* End PBXFileReference section */

/* Begin PBXFrameworksBuildPhase section */
		D5DDE6F91CF4F05D0020286B /* Frameworks */ = {
			isa = PBXFrameworksBuildPhase;
			buildActionMask = 2147483647;
			files = (
				BE0B0AA3D07802C1C8662446 /* Pods_xBeacon.framework in Frameworks */,
			);
			runOnlyForDeploymentPostprocessing = 0;
		};
/* End PBXFrameworksBuildPhase section */

/* Begin PBXGroup section */
		12521B3D3DDADFB6280A865A /* Pods */ = {
			isa = PBXGroup;
			children = (
				D814D4ADECF70FC2A12BE1A1 /* Pods-xBeacon.debug.xcconfig */,
				0B6F0B61404B984D4E0D7CE6 /* Pods-xBeacon.release.xcconfig */,
			);
			name = Pods;
			sourceTree = "<group>";
		};
		B56384041CF4F61E003B3832 /* BeaconOperation Hierarchy */ = {
			isa = PBXGroup;
			children = (
				B56384051CF4F64A003B3832 /* BeaconOperation.swift */,
				B56384071CF4FEE7003B3832 /* SearchingOperation.swift */,
			);
			name = "BeaconOperation Hierarchy";
			sourceTree = "<group>";
		};
		B69BC2FE28DF6FA68310843F /* Frameworks */ = {
			isa = PBXGroup;
			children = (
				ABC32CCA61382C6754CF825F /* Pods_xBeacon.framework */,
			);
			name = Frameworks;
			sourceTree = "<group>";
		};
		D5DDE6F31CF4F05C0020286B = {
			isa = PBXGroup;
			children = (
				D5DDE6FE1CF4F05D0020286B /* xBeacon */,
				D5DDE6FD1CF4F05D0020286B /* Products */,
				12521B3D3DDADFB6280A865A /* Pods */,
				B69BC2FE28DF6FA68310843F /* Frameworks */,
			);
			sourceTree = "<group>";
		};
		D5DDE6FD1CF4F05D0020286B /* Products */ = {
			isa = PBXGroup;
			children = (
				D5DDE6FC1CF4F05D0020286B /* xBeacon.app */,
			);
			name = Products;
			sourceTree = "<group>";
		};
		D5DDE6FE1CF4F05D0020286B /* xBeacon */ = {
			isa = PBXGroup;
			children = (
				B56384041CF4F61E003B3832 /* BeaconOperation Hierarchy */,
				D5DDE7111CF56AE30020286B /* GoogleService-Info.plist */,
				D5DDE6FF1CF4F05D0020286B /* AppDelegate.swift */,
				D5DDE7011CF4F05D0020286B /* LoginViewController.swift */,
				B5AAEF001CF7A9F600A6B03E /* ViewController.swift */,
				D5DDE7031CF4F05D0020286B /* Main.storyboard */,
				D5DDE7061CF4F05D0020286B /* Assets.xcassets */,
				D5DDE7081CF4F05D0020286B /* LaunchScreen.storyboard */,
				D5DDE70B1CF4F05D0020286B /* Info.plist */,
			);
			path = xBeacon;
			sourceTree = "<group>";
		};
/* End PBXGroup section */

/* Begin PBXNativeTarget section */
		D5DDE6FB1CF4F05D0020286B /* xBeacon */ = {
			isa = PBXNativeTarget;
			buildConfigurationList = D5DDE70E1CF4F05D0020286B /* Build configuration list for PBXNativeTarget "xBeacon" */;
			buildPhases = (
				4D268F903EB73EE4EA8303CB /* 📦 Check Pods Manifest.lock */,
				D5DDE6F81CF4F05D0020286B /* Sources */,
				D5DDE6F91CF4F05D0020286B /* Frameworks */,
				D5DDE6FA1CF4F05D0020286B /* Resources */,
				F61BBD28443E93B57C66A59D /* 📦 Embed Pods Frameworks */,
				6B921C3D2ECF1FA8A13C055D /* 📦 Copy Pods Resources */,
			);
			buildRules = (
			);
			dependencies = (
			);
			name = xBeacon;
			productName = xBeacon;
			productReference = D5DDE6FC1CF4F05D0020286B /* xBeacon.app */;
			productType = "com.apple.product-type.application";
		};
/* End PBXNativeTarget section */

/* Begin PBXProject section */
		D5DDE6F41CF4F05D0020286B /* Project object */ = {
			isa = PBXProject;
			attributes = {
				LastSwiftUpdateCheck = 0730;
				LastUpgradeCheck = 0730;
				ORGANIZATIONNAME = BaDaSS;
				TargetAttributes = {
					D5DDE6FB1CF4F05D0020286B = {
						CreatedOnToolsVersion = 7.3;
						DevelopmentTeam = FM8KX34TCE;
						SystemCapabilities = {
							com.apple.BackgroundModes = {
								enabled = 1;
							};
							com.apple.DataProtection = {
								enabled = 1;
							};
						};
					};
				};
			};
			buildConfigurationList = D5DDE6F71CF4F05D0020286B /* Build configuration list for PBXProject "xBeacon" */;
			compatibilityVersion = "Xcode 3.2";
			developmentRegion = English;
			hasScannedForEncodings = 0;
			knownRegions = (
				en,
				Base,
			);
			mainGroup = D5DDE6F31CF4F05C0020286B;
			productRefGroup = D5DDE6FD1CF4F05D0020286B /* Products */;
			projectDirPath = "";
			projectRoot = "";
			targets = (
				D5DDE6FB1CF4F05D0020286B /* xBeacon */,
			);
		};
/* End PBXProject section */

/* Begin PBXResourcesBuildPhase section */
		D5DDE6FA1CF4F05D0020286B /* Resources */ = {
			isa = PBXResourcesBuildPhase;
			buildActionMask = 2147483647;
			files = (
				D5DDE70A1CF4F05D0020286B /* LaunchScreen.storyboard in Resources */,
				D5DDE7121CF56AE30020286B /* GoogleService-Info.plist in Resources */,
				D5DDE7071CF4F05D0020286B /* Assets.xcassets in Resources */,
				D5DDE7051CF4F05D0020286B /* Main.storyboard in Resources */,
			);
			runOnlyForDeploymentPostprocessing = 0;
		};
/* End PBXResourcesBuildPhase section */

/* Begin PBXShellScriptBuildPhase section */
		4D268F903EB73EE4EA8303CB /* 📦 Check Pods Manifest.lock */ = {
			isa = PBXShellScriptBuildPhase;
			buildActionMask = 2147483647;
			files = (
			);
			inputPaths = (
			);
			name = "📦 Check Pods Manifest.lock";
			outputPaths = (
			);
			runOnlyForDeploymentPostprocessing = 0;
			shellPath = /bin/sh;
			shellScript = "diff \"${PODS_ROOT}/../Podfile.lock\" \"${PODS_ROOT}/Manifest.lock\" > /dev/null\nif [[ $? != 0 ]] ; then\n    cat << EOM\nerror: The sandbox is not in sync with the Podfile.lock. Run 'pod install' or update your CocoaPods installation.\nEOM\n    exit 1\nfi\n";
			showEnvVarsInLog = 0;
		};
		6B921C3D2ECF1FA8A13C055D /* 📦 Copy Pods Resources */ = {
			isa = PBXShellScriptBuildPhase;
			buildActionMask = 2147483647;
			files = (
			);
			inputPaths = (
			);
			name = "📦 Copy Pods Resources";
			outputPaths = (
			);
			runOnlyForDeploymentPostprocessing = 0;
			shellPath = /bin/sh;
			shellScript = "\"${SRCROOT}/Pods/Target Support Files/Pods-xBeacon/Pods-xBeacon-resources.sh\"\n";
			showEnvVarsInLog = 0;
		};
		F61BBD28443E93B57C66A59D /* 📦 Embed Pods Frameworks */ = {
			isa = PBXShellScriptBuildPhase;
			buildActionMask = 2147483647;
			files = (
			);
			inputPaths = (
			);
			name = "📦 Embed Pods Frameworks";
			outputPaths = (
			);
			runOnlyForDeploymentPostprocessing = 0;
			shellPath = /bin/sh;
			shellScript = "\"${SRCROOT}/Pods/Target Support Files/Pods-xBeacon/Pods-xBeacon-frameworks.sh\"\n";
			showEnvVarsInLog = 0;
		};
/* End PBXShellScriptBuildPhase section */

/* Begin PBXSourcesBuildPhase section */
		D5DDE6F81CF4F05D0020286B /* Sources */ = {
			isa = PBXSourcesBuildPhase;
			buildActionMask = 2147483647;
			files = (
<<<<<<< HEAD
				B5AAEF011CF7A9F600A6B03E /* ViewController.swift in Sources */,
				B56384081CF4FEE7003B3832 /* SearchingOperation.swift in Sources */,
				D5DDE7021CF4F05D0020286B /* LoginViewController.swift in Sources */,
=======
>>>>>>> f4e94533c69505ecac49dbfcfece3914844cd15a
				D5DDE7021CF4F05D0020286B /* LoginViewController.swift in Sources */,
				D5DDE7001CF4F05D0020286B /* AppDelegate.swift in Sources */,
				B56384061CF4F64A003B3832 /* BeaconOperation.swift in Sources */,
			);
			runOnlyForDeploymentPostprocessing = 0;
		};
/* End PBXSourcesBuildPhase section */

/* Begin PBXVariantGroup section */
		D5DDE7031CF4F05D0020286B /* Main.storyboard */ = {
			isa = PBXVariantGroup;
			children = (
				D5DDE7041CF4F05D0020286B /* Base */,
			);
			name = Main.storyboard;
			sourceTree = "<group>";
		};
		D5DDE7081CF4F05D0020286B /* LaunchScreen.storyboard */ = {
			isa = PBXVariantGroup;
			children = (
				D5DDE7091CF4F05D0020286B /* Base */,
			);
			name = LaunchScreen.storyboard;
			sourceTree = "<group>";
		};
/* End PBXVariantGroup section */

/* Begin XCBuildConfiguration section */
		D5DDE70C1CF4F05D0020286B /* Debug */ = {
			isa = XCBuildConfiguration;
			buildSettings = {
				ALWAYS_SEARCH_USER_PATHS = NO;
				CLANG_ANALYZER_NONNULL = YES;
				CLANG_CXX_LANGUAGE_STANDARD = "gnu++0x";
				CLANG_CXX_LIBRARY = "libc++";
				CLANG_ENABLE_MODULES = YES;
				CLANG_ENABLE_OBJC_ARC = YES;
				CLANG_WARN_BOOL_CONVERSION = YES;
				CLANG_WARN_CONSTANT_CONVERSION = YES;
				CLANG_WARN_DIRECT_OBJC_ISA_USAGE = YES_ERROR;
				CLANG_WARN_EMPTY_BODY = YES;
				CLANG_WARN_ENUM_CONVERSION = YES;
				CLANG_WARN_INT_CONVERSION = YES;
				CLANG_WARN_OBJC_ROOT_CLASS = YES_ERROR;
				CLANG_WARN_UNREACHABLE_CODE = YES;
				CLANG_WARN__DUPLICATE_METHOD_MATCH = YES;
				"CODE_SIGN_IDENTITY[sdk=iphoneos*]" = "iPhone Developer";
				COPY_PHASE_STRIP = NO;
				DEBUG_INFORMATION_FORMAT = dwarf;
				ENABLE_STRICT_OBJC_MSGSEND = YES;
				ENABLE_TESTABILITY = YES;
				GCC_C_LANGUAGE_STANDARD = gnu99;
				GCC_DYNAMIC_NO_PIC = NO;
				GCC_NO_COMMON_BLOCKS = YES;
				GCC_OPTIMIZATION_LEVEL = 0;
				GCC_PREPROCESSOR_DEFINITIONS = (
					"DEBUG=1",
					"$(inherited)",
				);
				GCC_WARN_64_TO_32_BIT_CONVERSION = YES;
				GCC_WARN_ABOUT_RETURN_TYPE = YES_ERROR;
				GCC_WARN_UNDECLARED_SELECTOR = YES;
				GCC_WARN_UNINITIALIZED_AUTOS = YES_AGGRESSIVE;
				GCC_WARN_UNUSED_FUNCTION = YES;
				GCC_WARN_UNUSED_VARIABLE = YES;
				IPHONEOS_DEPLOYMENT_TARGET = 9.3;
				MTL_ENABLE_DEBUG_INFO = YES;
				ONLY_ACTIVE_ARCH = YES;
				SDKROOT = iphoneos;
				SWIFT_OPTIMIZATION_LEVEL = "-Onone";
			};
			name = Debug;
		};
		D5DDE70D1CF4F05D0020286B /* Release */ = {
			isa = XCBuildConfiguration;
			buildSettings = {
				ALWAYS_SEARCH_USER_PATHS = NO;
				CLANG_ANALYZER_NONNULL = YES;
				CLANG_CXX_LANGUAGE_STANDARD = "gnu++0x";
				CLANG_CXX_LIBRARY = "libc++";
				CLANG_ENABLE_MODULES = YES;
				CLANG_ENABLE_OBJC_ARC = YES;
				CLANG_WARN_BOOL_CONVERSION = YES;
				CLANG_WARN_CONSTANT_CONVERSION = YES;
				CLANG_WARN_DIRECT_OBJC_ISA_USAGE = YES_ERROR;
				CLANG_WARN_EMPTY_BODY = YES;
				CLANG_WARN_ENUM_CONVERSION = YES;
				CLANG_WARN_INT_CONVERSION = YES;
				CLANG_WARN_OBJC_ROOT_CLASS = YES_ERROR;
				CLANG_WARN_UNREACHABLE_CODE = YES;
				CLANG_WARN__DUPLICATE_METHOD_MATCH = YES;
				"CODE_SIGN_IDENTITY[sdk=iphoneos*]" = "iPhone Developer";
				COPY_PHASE_STRIP = NO;
				DEBUG_INFORMATION_FORMAT = "dwarf-with-dsym";
				ENABLE_NS_ASSERTIONS = NO;
				ENABLE_STRICT_OBJC_MSGSEND = YES;
				GCC_C_LANGUAGE_STANDARD = gnu99;
				GCC_NO_COMMON_BLOCKS = YES;
				GCC_WARN_64_TO_32_BIT_CONVERSION = YES;
				GCC_WARN_ABOUT_RETURN_TYPE = YES_ERROR;
				GCC_WARN_UNDECLARED_SELECTOR = YES;
				GCC_WARN_UNINITIALIZED_AUTOS = YES_AGGRESSIVE;
				GCC_WARN_UNUSED_FUNCTION = YES;
				GCC_WARN_UNUSED_VARIABLE = YES;
				IPHONEOS_DEPLOYMENT_TARGET = 9.3;
				MTL_ENABLE_DEBUG_INFO = NO;
				SDKROOT = iphoneos;
				VALIDATE_PRODUCT = YES;
			};
			name = Release;
		};
		D5DDE70F1CF4F05D0020286B /* Debug */ = {
			isa = XCBuildConfiguration;
			baseConfigurationReference = D814D4ADECF70FC2A12BE1A1 /* Pods-xBeacon.debug.xcconfig */;
			buildSettings = {
				ASSETCATALOG_COMPILER_APPICON_NAME = AppIcon;
				CODE_SIGN_IDENTITY = "iPhone Developer";
				"CODE_SIGN_IDENTITY[sdk=iphoneos*]" = "iPhone Developer";
				INFOPLIST_FILE = xBeacon/Info.plist;
				LD_RUNPATH_SEARCH_PATHS = "$(inherited) @executable_path/Frameworks";
				PRODUCT_BUNDLE_IDENTIFIER = edu.ucsd.badass.xBeacons;
				PRODUCT_NAME = "$(TARGET_NAME)";
				PROVISIONING_PROFILE = "";
				TARGETED_DEVICE_FAMILY = 1;
			};
			name = Debug;
		};
		D5DDE7101CF4F05D0020286B /* Release */ = {
			isa = XCBuildConfiguration;
			baseConfigurationReference = 0B6F0B61404B984D4E0D7CE6 /* Pods-xBeacon.release.xcconfig */;
			buildSettings = {
				ASSETCATALOG_COMPILER_APPICON_NAME = AppIcon;
				CODE_SIGN_IDENTITY = "iPhone Developer";
				"CODE_SIGN_IDENTITY[sdk=iphoneos*]" = "iPhone Developer";
				INFOPLIST_FILE = xBeacon/Info.plist;
				LD_RUNPATH_SEARCH_PATHS = "$(inherited) @executable_path/Frameworks";
				PRODUCT_BUNDLE_IDENTIFIER = edu.ucsd.badass.xBeacons;
				PRODUCT_NAME = "$(TARGET_NAME)";
				PROVISIONING_PROFILE = "";
				TARGETED_DEVICE_FAMILY = 1;
			};
			name = Release;
		};
/* End XCBuildConfiguration section */

/* Begin XCConfigurationList section */
		D5DDE6F71CF4F05D0020286B /* Build configuration list for PBXProject "xBeacon" */ = {
			isa = XCConfigurationList;
			buildConfigurations = (
				D5DDE70C1CF4F05D0020286B /* Debug */,
				D5DDE70D1CF4F05D0020286B /* Release */,
			);
			defaultConfigurationIsVisible = 0;
			defaultConfigurationName = Release;
		};
		D5DDE70E1CF4F05D0020286B /* Build configuration list for PBXNativeTarget "xBeacon" */ = {
			isa = XCConfigurationList;
			buildConfigurations = (
				D5DDE70F1CF4F05D0020286B /* Debug */,
				D5DDE7101CF4F05D0020286B /* Release */,
			);
			defaultConfigurationIsVisible = 0;
			defaultConfigurationName = Release;
		};
/* End XCConfigurationList section */
	};
	rootObject = D5DDE6F41CF4F05D0020286B /* Project object */;
}
